{
  "nodes": {
    "home-manager": {
      "inputs": {
        "nixpkgs": [
          "nixpkgs"
        ]
      },
      "locked": {
        "lastModified": 1780515920,
        "narHash": "sha256-8KX2hEeOX6KP3hBBJJI8dGWVrzbOOf1rBPmg/GUG24U=",
        "owner": "nix-community",
        "repo": "home-manager",
        "rev": "4c5c1e8ba14f1c7475fa31ff11bc1c19cd220974",
        "type": "github"
      },
      "original": {
        "id": "home-manager",
        "type": "indirect"
      }
    },
    "home-manager_2": {
      "inputs": {
        "nixpkgs": [
          "zen-browser",
          "nixpkgs"
        ]
      },
      "locked": {
        "lastModified": 1778805320,
        "narHash": "sha256-nGFJ01m2CTBKD4ABtcY4vLhHrRN91LKr/pn41PcU78A=",
        "owner": "nix-community",
        "repo": "home-manager",
        "rev": "9846abe15e7d0d36b8acbd4d05f2b87461744c92",
        "type": "github"
      },
      "original": {
        "owner": "nix-community",
        "repo": "home-manager",
        "type": "github"
      }
    },
    "nixpkgs": {
      "locked": {
        "lastModified": 1779971959,
        "narHash": "sha256-R5nauXyqyfRUFiZycFFZdkF7wl6eaUpPLst35+2nJQY=",
        "owner": "NixOS",
        "repo": "nixpkgs",
        "rev": "ec942ba042dad5ef097e2ef3a3effc034241f011",
        "type": "github"
      },
      "original": {
        "owner": "NixOS",
        "ref": "nixos-26.05",
        "repo": "nixpkgs",
        "type": "github"
      }
    },
    "root": {
      "inputs": {
        "home-manager": "home-manager",
        "nixpkgs": "nixpkgs",
        "zen-browser": "zen-browser"
      }
    },
    "zen-browser": {
      "inputs": {
        "home-manager": "home-manager_2",
        "nixpkgs": [
          "nixpkgs"
        ]
      },
      "locked": {
        "lastModified": 1780123543,
        "narHash": "sha256-vRHmt1N3rPgLJFcSQfHb2c3F7edzVPcyAk6/2QYmO1s=",
        "owner": "0xc000022070",
        "repo": "zen-browser-flake",
        "rev": "7e1dae7aa169ad02f18ca11da247008181b2dc7f",
        "type": "github"
      },
      "original": {
        "owner": "0xc000022070",
        "repo": "zen-browser-flake",
        "type": "github"
      }
    }
  },
  "root": "root",
  "version": 7
}
